PODS:
  - Alamofire (4.5.1)
  - algorithmia (0.1.2)
  - SwiftyJSON (3.1.4)

DEPENDENCIES:
  - Alamofire
  - algorithmia
  - SwiftyJSON

SPEC CHECKSUMS:
  Alamofire: 2d95912bf4c34f164fdfc335872e8c312acaea4a
  algorithmia: 96845d613f35d6ec555c0ab54bf620a285cdb2d4
  SwiftyJSON: c2842d878f95482ffceec5709abc3d05680c0220

PODFILE CHECKSUM: d58899875d84ae123f1c232ff95908b272b8f298

COCOAPODS: 1.2.1
